{
  "name": "p5-holoplay",
  "version": "0.2.2",
  "lockfileVersion": 2,
  "requires": true,
  "packages": {
    "": {
      "version": "0.2.2",
      "license": "ISC",
      "dependencies": {
        "holoplay-core": "^0.0.8",
        "p5": "^1.4.1"
      }
    },
    "node_modules/cbor-js": {
      "version": "0.1.0",
      "resolved": "https://registry.npmjs.org/cbor-js/-/cbor-js-0.1.0.tgz",
      "integrity": "sha1-yAzmEg84fo+qdDcN/aIdlluPx/k="
    },
    "node_modules/holoplay-core": {
      "version": "0.0.8",
      "resolved": "https://registry.npmjs.org/holoplay-core/-/holoplay-core-0.0.8.tgz",
      "integrity": "sha512-fErVQ6dB8onRRKPQGxBT6VOCTIFjnoOu8U2+TBxNJLGgVEeOR6hr4yYEMHSSSOFUjyFLpWXWfEkFt34vOS+VFA==",
      "dependencies": {
        "cbor-js": "^0.1.0",
        "ws": "^7.2.0"
      }
    },
    "node_modules/p5": {
      "version": "1.4.1",
      "resolved": "https://registry.npmjs.org/p5/-/p5-1.4.1.tgz",
      "integrity": "sha512-3/X+qb0bK2Cg8nuZNpZZvzxkeUSRghOf0S+l8c+U8yIkUTVSbbcV0R8y96rx3InVBVhk8cH9kFC93VlZZElqSw=="
    },
    "node_modules/ws": {
      "version": "7.5.7",
      "resolved": "https://registry.npmjs.org/ws/-/ws-7.5.7.tgz",
      "integrity": "sha512-KMvVuFzpKBuiIXW3E4u3mySRO2/mCHSyZDJQM5NQ9Q9KHWHWh0NHgfbRMLLrceUK5qAL4ytALJbpRMjixFZh8A==",
      "engines": {
        "node": ">=8.3.0"
      },
      "peerDependencies": {
        "bufferutil": "^4.0.1",
        "utf-8-validate": "^5.0.2"
      },
      "peerDependenciesMeta": {
        "bufferutil": {
          "optional": true
        },
        "utf-8-validate": {
          "optional": true
        }
      }
    }
  },
  "dependencies": {
    "cbor-js": {
      "version": "0.1.0",
      "resolved": "https://registry.npmjs.org/cbor-js/-/cbor-js-0.1.0.tgz",
      "integrity": "sha1-yAzmEg84fo+qdDcN/aIdlluPx/k="
    },
    "holoplay-core": {
      "version": "0.0.8",
      "resolved": "https://registry.npmjs.org/holoplay-core/-/holoplay-core-0.0.8.tgz",
      "integrity": "sha512-fErVQ6dB8onRRKPQGxBT6VOCTIFjnoOu8U2+TBxNJLGgVEeOR6hr4yYEMHSSSOFUjyFLpWXWfEkFt34vOS+VFA==",
      "requires": {
        "cbor-js": "^0.1.0",
        "ws": "^7.2.0"
      }
    },
    "p5": {
      "version": "1.4.1",
      "resolved": "https://registry.npmjs.org/p5/-/p5-1.4.1.tgz",
      "integrity": "sha512-3/X+qb0bK2Cg8nuZNpZZvzxkeUSRghOf0S+l8c+U8yIkUTVSbbcV0R8y96rx3InVBVhk8cH9kFC93VlZZElqSw=="
    },
    "ws": {
      "version": "7.5.7",
      "resolved": "https://registry.npmjs.org/ws/-/ws-7.5.7.tgz",
      "integrity": "sha512-KMvVuFzpKBuiIXW3E4u3mySRO2/mCHSyZDJQM5NQ9Q9KHWHWh0NHgfbRMLLrceUK5qAL4ytALJbpRMjixFZh8A==",
      "requires": {}
    }
  }
}
